// !$*UTF8*$!
{
	archiveVersion = 1;
	classes = {
	};
	objectVersion = 77;
	objects = {

/* Begin PBXBuildFile section */
		B318DCEE2EC6939A00DB1A9A /* Auth in Frameworks */ = {isa = PBXBuildFile; productRef = B318DCED2EC6939A00DB1A9A /* Auth */; };
		B32F71142ED399B5001779C5 /* RevenueCat in Frameworks */ = {isa = PBXBuildFile; productRef = B32F71132ED399B5001779C5 /* RevenueCat */; };
		B32F71162ED399B5001779C5 /* RevenueCatUI in Frameworks */ = {isa = PBXBuildFile; productRef = B32F71152ED399B5001779C5 /* RevenueCatUI */; };
		B3DF8FA82ED5CEC3007FD5D0 /* FirebaseCore in Frameworks */ = {isa = PBXBuildFile; productRef = B3DF8FA72ED5CEC3007FD5D0 /* FirebaseCore */; };
		B3DF8FAA2ED5CEC3007FD5D0 /* FirebaseMessaging in Frameworks */ = {isa = PBXBuildFile; productRef = B3DF8FA92ED5CEC3007FD5D0 /* FirebaseMessaging */; };
		B3E30E122ECCB7AA008A3B6C /* PostgREST in Frameworks */ = {isa = PBXBuildFile; productRef = B3E30E112ECCB7AA008A3B6C /* PostgREST */; };
		B3E30E142ECCB7AA008A3B6C /* Supabase in Frameworks */ = {isa = PBXBuildFile; productRef = B3E30E132ECCB7AA008A3B6C /* Supabase */; };
/* End PBXBuildFile section */

/* Begin PBXFileReference section */
		B318DC8A2EC6920500DB1A9A /* VibeWatchApp.app */ = {isa = PBXFileReference; explicitFileType = wrapper.application; includeInIndex = 0; path = VibeWatchApp.app; sourceTree = BUILT_PRODUCTS_DIR; };
/* End PBXFileReference section */

/* Begin PBXFileSystemSynchronizedBuildFileExceptionSet section */
		B3427FB92ECFFD62002C37BB /* Exceptions for "VibeWatchApp" folder in "VibeWatchApp" target */ = {
			isa = PBXFileSystemSynchronizedBuildFileExceptionSet;
			membershipExceptions = (
				Info.plist,
			);
			target = B318DC892EC6920500DB1A9A /* VibeWatchApp */;
		};
/* End PBXFileSystemSynchronizedBuildFileExceptionSet section */

/* Begin PBXFileSystemSynchronizedRootGroup section */
		B318DC8C2EC6920500DB1A9A /* VibeWatchApp */ = {
			isa = PBXFileSystemSynchronizedRootGroup;
			exceptions = (
				B3427FB92ECFFD62002C37BB /* Exceptions for "VibeWatchApp" folder in "VibeWatchApp" target */,
			);
			path = VibeWatchApp;
			sourceTree = "<group>";
		};
/* End PBXFileSystemSynchronizedRootGroup section */

/* Begin PBXFrameworksBuildPhase section */
		B318DC872EC6920500DB1A9A /* Frameworks */ = {
			isa = PBXFrameworksBuildPhase;
			buildActionMask = 2147483647;
			files = (
				B32F71142ED399B5001779C5 /* RevenueCat in Frameworks */,
				B3E30E122ECCB7AA008A3B6C /* PostgREST in Frameworks */,
				B3DF8FAA2ED5CEC3007FD5D0 /* FirebaseMessaging in Frameworks */,
				B318DCEE2EC6939A00DB1A9A /* Auth in Frameworks */,
				B32F71162ED399B5001779C5 /* RevenueCatUI in Frameworks */,
				B3DF8FA82ED5CEC3007FD5D0 /* FirebaseCore in Frameworks */,
				B3E30E142ECCB7AA008A3B6C /* Supabase in Frameworks */,
			);
			runOnlyForDeploymentPostprocessing = 0;
		};
/* End PBXFrameworksBuildPhase section */

/* Begin PBXGroup section */
		B318DC812EC6920500DB1A9A = {
			isa = PBXGroup;
			children = (
				B318DC8C2EC6920500DB1A9A /* VibeWatchApp */,
				B3E30E102ECCB7AA008A3B6C /* Frameworks */,
				B318DC8B2EC6920500DB1A9A /* Products */,
			);
			sourceTree = "<group>";
		};
		B318DC8B2EC6920500DB1A9A /* Products */ = {
			isa = PBXGroup;
			children = (
				B318DC8A2EC6920500DB1A9A /* VibeWatchApp.app */,
			);
			name = Products;
			sourceTree = "<group>";
		};
		B3E30E102ECCB7AA008A3B6C /* Frameworks */ = {
			isa = PBXGroup;
			children = (
			);
			name = Frameworks;
			sourceTree = "<group>";
		};
/* End PBXGroup section */

/* Begin PBXNativeTarget section */
		B318DC892EC6920500DB1A9A /* VibeWatchApp */ = {
			isa = PBXNativeTarget;
			buildConfigurationList = B318DC952EC6920800DB1A9A /* Build configuration list for PBXNativeTarget "VibeWatchApp" */;
			buildPhases = (
				B318DC862EC6920500DB1A9A /* Sources */,
				B318DC872EC6920500DB1A9A /* Frameworks */,
				B318DC882EC6920500DB1A9A /* Resources */,
			);
			buildRules = (
			);
			dependencies = (
			);
			fileSystemSynchronizedGroups = (
				B318DC8C2EC6920500DB1A9A /* VibeWatchApp */,
			);
			name = VibeWatchApp;
			packageProductDependencies = (
				B318DCED2EC6939A00DB1A9A /* Auth */,
				B3E30E112ECCB7AA008A3B6C /* PostgREST */,
				B3E30E132ECCB7AA008A3B6C /* Supabase */,
				B32F71132ED399B5001779C5 /* RevenueCat */,
				B32F71152ED399B5001779C5 /* RevenueCatUI */,
				B3DF8FA72ED5CEC3007FD5D0 /* FirebaseCore */,
				B3DF8FA92ED5CEC3007FD5D0 /* FirebaseMessaging */,
			);
			productName = VibeWatchApp;
			productReference = B318DC8A2EC6920500DB1A9A /* VibeWatchApp.app */;
			productType = "com.apple.product-type.application";
		};
/* End PBXNativeTarget section */

/* Begin PBXProject section */
		B318DC822EC6920500DB1A9A /* Project object */ = {
			isa = PBXProject;
			attributes = {
				BuildIndependentTargetsInParallel = 1;
				LastSwiftUpdateCheck = 1640;
				LastUpgradeCheck = 1640;
				TargetAttributes = {
					B318DC892EC6920500DB1A9A = {
						CreatedOnToolsVersion = 16.4;
					};
				};
			};
			buildConfigurationList = B318DC852EC6920500DB1A9A /* Build configuration list for PBXProject "VibeWatchApp" */;
			developmentRegion = en;
			hasScannedForEncodings = 0;
			knownRegions = (
				en,
				Base,
				it,
				es,
				fr,
				de,
				pt,
				zh,
				ru,
				ja,
				hi,
				ko,
				nl,
				pl,
				fi,
				da,
				el,
				no,
				tr,
				nb,
				sv,
			);
			mainGroup = B318DC812EC6920500DB1A9A;
			minimizedProjectReferenceProxies = 1;
			packageReferences = (
				B318DCEC2EC6939A00DB1A9A /* XCRemoteSwiftPackageReference "supabase-swift" */,
				B32F71122ED399B5001779C5 /* XCRemoteSwiftPackageReference "purchases-ios-spm" */,
				B3DC12CA2ED5CB0400B5A429 /* XCRemoteSwiftPackageReference "firebase-ios-sdk" */,
			);
			preferredProjectObjectVersion = 77;
			productRefGroup = B318DC8B2EC6920500DB1A9A /* Products */;
			projectDirPath = "";
			projectRoot = "";
			targets = (
				B318DC892EC6920500DB1A9A /* VibeWatchApp */,
			);
		};
/* End PBXProject section */

/* Begin PBXResourcesBuildPhase section */
		B318DC882EC6920500DB1A9A /* Resources */ = {
			isa = PBXResourcesBuildPhase;
			buildActionMask = 2147483647;
			files = (
			);
			runOnlyForDeploymentPostprocessing = 0;
		};
/* End PBXResourcesBuildPhase section */

/* Begin PBXSourcesBuildPhase section */
		B318DC862EC6920500DB1A9A /* Sources */ = {
			isa = PBXSourcesBuildPhase;
			buildActionMask = 2147483647;
			files = (
			);
			runOnlyForDeploymentPostprocessing = 0;
		};
/* End PBXSourcesBuildPhase section */

/* Begin XCBuildConfiguration section */
		B318DC932EC6920800DB1A9A /* Debug */ = {
			isa = XCBuildConfiguration;
			buildSettings = {
				ALWAYS_SEARCH_USER_PATHS = NO;
				ASSETCATALOG_COMPILER_GENERATE_SWIFT_ASSET_SYMBOL_EXTENSIONS = YES;
				CLANG_ANALYZER_NONNULL = YES;
				CLANG_ANALYZER_NUMBER_OBJECT_CONVERSION = YES_AGGRESSIVE;
				CLANG_CXX_LANGUAGE_STANDARD = "gnu++20";
				CLANG_ENABLE_MODULES = YES;
				CLANG_ENABLE_OBJC_ARC = YES;
				CLANG_ENABLE_OBJC_WEAK = YES;
				CLANG_WARN_BLOCK_CAPTURE_AUTORELEASING = YES;
				CLANG_WARN_BOOL_CONVERSION = YES;
				CLANG_WARN_COMMA = YES;
				CLANG_WARN_CONSTANT_CONVERSION = YES;
				CLANG_WARN_DEPRECATED_OBJC_IMPLEMENTATIONS = YES;
				CLANG_WARN_DIRECT_OBJC_ISA_USAGE = YES_ERROR;
				CLANG_WARN_DOCUMENTATION_COMMENTS = YES;
				CLANG_WARN_EMPTY_BODY = YES;
				CLANG_WARN_ENUM_CONVERSION = YES;
				CLANG_WARN_INFINITE_RECURSION = YES;
				CLANG_WARN_INT_CONVERSION = YES;
				CLANG_WARN_NON_LITERAL_NULL_CONVERSION = YES;
				CLANG_WARN_OBJC_IMPLICIT_RETAIN_SELF = YES;
				CLANG_WARN_OBJC_LITERAL_CONVERSION = YES;
				CLANG_WARN_OBJC_ROOT_CLASS = YES_ERROR;
				CLANG_WARN_QUOTED_INCLUDE_IN_FRAMEWORK_HEADER = YES;
				CLANG_WARN_RANGE_LOOP_ANALYSIS = YES;
				CLANG_WARN_STRICT_PROTOTYPES = YES;
				CLANG_WARN_SUSPICIOUS_MOVE = YES;
				CLANG_WARN_UNGUARDED_AVAILABILITY = YES_AGGRESSIVE;
				CLANG_WARN_UNREACHABLE_CODE = YES;
				CLANG_WARN__DUPLICATE_METHOD_MATCH = YES;
				COPY_PHASE_STRIP = NO;
				DEBUG_INFORMATION_FORMAT = dwarf;
				DEVELOPMENT_TEAM = 3V97GU3CCY;
				ENABLE_STRICT_OBJC_MSGSEND = YES;
				ENABLE_TESTABILITY = YES;
				ENABLE_USER_SCRIPT_SANDBOXING = YES;
				GCC_C_LANGUAGE_STANDARD = gnu17;
				GCC_DYNAMIC_NO_PIC = NO;
				GCC_NO_COMMON_BLOCKS = YES;
				GCC_OPTIMIZATION_LEVEL = 0;
				GCC_PREPROCESSOR_DEFINITIONS = (
					"DEBUG=1",
					"$(inherited)",
				);
				GCC_WARN_64_TO_32_BIT_CONVERSION = YES;
				GCC_WARN_ABOUT_RETURN_TYPE = YES_ERROR;
				GCC_WARN_UNDECLARED_SELECTOR = YES;
				GCC_WARN_UNINITIALIZED_AUTOS = YES_AGGRESSIVE;
				GCC_WARN_UNUSED_FUNCTION = YES;
				GCC_WARN_UNUSED_VARIABLE = YES;
				IPHONEOS_DEPLOYMENT_TARGET = 17.0;
				LOCALIZATION_PREFERS_STRING_CATALOGS = YES;
				MTL_ENABLE_DEBUG_INFO = INCLUDE_SOURCE;
				MTL_FAST_MATH = YES;
				ONLY_ACTIVE_ARCH = YES;
				SDKROOT = iphoneos;
				SWIFT_ACTIVE_COMPILATION_CONDITIONS = "DEBUG $(inherited)";
				SWIFT_OPTIMIZATION_LEVEL = "-Onone";
				SWIFT_STRICT_CONCURRENCY = complete;
			};
			name = Debug;
		};
		B318DC942EC6920800DB1A9A /* Release */ = {
			isa = XCBuildConfiguration;
			buildSettings = {
				ALWAYS_SEARCH_USER_PATHS = NO;
				ASSETCATALOG_COMPILER_GENERATE_SWIFT_ASSET_SYMBOL_EXTENSIONS = YES;
				CLANG_ANALYZER_NONNULL = YES;
				CLANG_ANALYZER_NUMBER_OBJECT_CONVERSION = YES_AGGRESSIVE;
				CLANG_CXX_LANGUAGE_STANDARD = "gnu++20";
				CLANG_ENABLE_MODULES = YES;
				CLANG_ENABLE_OBJC_ARC = YES;
				CLANG_ENABLE_OBJC_WEAK = YES;
				CLANG_WARN_BLOCK_CAPTURE_AUTORELEASING = YES;
				CLANG_WARN_BOOL_CONVERSION = YES;
				CLANG_WARN_COMMA = YES;
				CLANG_WARN_CONSTANT_CONVERSION = YES;
				CLANG_WARN_DEPRECATED_OBJC_IMPLEMENTATIONS = YES;
				CLANG_WARN_DIRECT_OBJC_ISA_USAGE = YES_ERROR;
				CLANG_WARN_DOCUMENTATION_COMMENTS = YES;
				CLANG_WARN_EMPTY_BODY = YES;
				CLANG_WARN_ENUM_CONVERSION = YES;
				CLANG_WARN_INFINITE_RECURSION = YES;
				CLANG_WARN_INT_CONVERSION = YES;
				CLANG_WARN_NON_LITERAL_NULL_CONVERSION = YES;
				CLANG_WARN_OBJC_IMPLICIT_RETAIN_SELF = YES;
				CLANG_WARN_OBJC_LITERAL_CONVERSION = YES;
				CLANG_WARN_OBJC_ROOT_CLASS = YES_ERROR;
				CLANG_WARN_QUOTED_INCLUDE_IN_FRAMEWORK_HEADER = YES;
				CLANG_WARN_RANGE_LOOP_ANALYSIS = YES;
				CLANG_WARN_STRICT_PROTOTYPES = YES;
				CLANG_WARN_SUSPICIOUS_MOVE = YES;
				CLANG_WARN_UNGUARDED_AVAILABILITY = YES_AGGRESSIVE;
				CLANG_WARN_UNREACHABLE_CODE = YES;
				CLANG_WARN__DUPLICATE_METHOD_MATCH = YES;
				COPY_PHASE_STRIP = NO;
				DEBUG_INFORMATION_FORMAT = "dwarf-with-dsym";
				DEVELOPMENT_TEAM = 3V97GU3CCY;
				ENABLE_NS_ASSERTIONS = NO;
				ENABLE_STRICT_OBJC_MSGSEND = YES;
				ENABLE_USER_SCRIPT_SANDBOXING = YES;
				GCC_C_LANGUAGE_STANDARD = gnu17;
				GCC_NO_COMMON_BLOCKS = YES;
				GCC_WARN_64_TO_32_BIT_CONVERSION = YES;
				GCC_WARN_ABOUT_RETURN_TYPE = YES_ERROR;
				GCC_WARN_UNDECLARED_SELECTOR = YES;
				GCC_WARN_UNINITIALIZED_AUTOS = YES_AGGRESSIVE;
				GCC_WARN_UNUSED_FUNCTION = YES;
				GCC_WARN_UNUSED_VARIABLE = YES;
				IPHONEOS_DEPLOYMENT_TARGET = 17.0;
				LOCALIZATION_PREFERS_STRING_CATALOGS = YES;
				MTL_ENABLE_DEBUG_INFO = NO;
				MTL_FAST_MATH = YES;
				SDKROOT = iphoneos;
				SWIFT_COMPILATION_MODE = wholemodule;
				SWIFT_STRICT_CONCURRENCY = complete;
				VALIDATE_PRODUCT = YES;
			};
			name = Release;
		};
		B318DC962EC6920800DB1A9A /* Debug */ = {
			isa = XCBuildConfiguration;
			buildSettings = {
				APP_DISPLAY_NAME = "";
				"APP_DISPLAY_NAME[arch=*]" = "VibeWatch Beta";
				ASSETCATALOG_COMPILER_APPICON_NAME = AppIcon;
				ASSETCATALOG_COMPILER_GLOBAL_ACCENT_COLOR_NAME = AccentColor;
				CODE_SIGN_IDENTITY = "Apple Development";
				"CODE_SIGN_IDENTITY[sdk=iphoneos*]" = "iPhone Developer";
				CODE_SIGN_STYLE = Manual;
				CURRENT_PROJECT_VERSION = 2;
				DEVELOPMENT_TEAM = "";
				"DEVELOPMENT_TEAM[sdk=iphoneos*]" = 3V97GU3CCY;
				ENABLE_PREVIEWS = YES;
				GENERATE_INFOPLIST_FILE = YES;
				INFOPLIST_FILE = VibeWatchApp/Info.plist;
				INFOPLIST_KEY_CFBundleDisplayName = "$(APP_DISPLAY_NAME)";
				INFOPLIST_KEY_LSApplicationCategoryType = "public.app-category.entertainment";
				INFOPLIST_KEY_UIApplicationSceneManifest_Generation = YES;
				INFOPLIST_KEY_UIApplicationSupportsIndirectInputEvents = YES;
				INFOPLIST_KEY_UILaunchScreen_Generation = YES;
				INFOPLIST_KEY_UISupportedInterfaceOrientations_iPad = "UIInterfaceOrientationPortrait UIInterfaceOrientationPortraitUpsideDown UIInterfaceOrientationLandscapeLeft UIInterfaceOrientationLandscapeRight";
				INFOPLIST_KEY_UISupportedInterfaceOrientations_iPhone = "UIInterfaceOrientationPortrait UIInterfaceOrientationLandscapeLeft UIInterfaceOrientationLandscapeRight";
				IPHONEOS_DEPLOYMENT_TARGET = 17.0;
				LD_RUNPATH_SEARCH_PATHS = (
					"$(inherited)",
					"@executable_path/Frameworks",
				);
				MARKETING_VERSION = 1.02;
				PRODUCT_BUNDLE_IDENTIFIER = com.vibewatch.VibeWatchApp.beta;
				PRODUCT_NAME = "$(TARGET_NAME)";
				PROVISIONING_PROFILE_SPECIFIER = "";
				"PROVISIONING_PROFILE_SPECIFIER[sdk=iphoneos*]" = "VibeWatch Beta";
				SUPPORTED_PLATFORMS = "iphoneos iphonesimulator";
				SUPPORTS_MACCATALYST = NO;
				SUPPORTS_MAC_DESIGNED_FOR_IPHONE_IPAD = NO;
				SUPPORTS_XR_DESIGNED_FOR_IPHONE_IPAD = NO;
				SWIFT_EMIT_LOC_STRINGS = YES;
				SWIFT_VERSION = 5.0;
				TARGETED_DEVICE_FAMILY = "1,2";
			};
			name = Debug;
		};
		B318DC972EC6920800DB1A9A /* Release */ = {
			isa = XCBuildConfiguration;
			buildSettings = {
				APP_DISPLAY_NAME = "";
				"APP_DISPLAY_NAME[arch=*]" = VibeWatch;
				ASSETCATALOG_COMPILER_APPICON_NAME = AppIcon;
				ASSETCATALOG_COMPILER_GLOBAL_ACCENT_COLOR_NAME = AccentColor;
				CODE_SIGN_ENTITLEMENTS = VibeWatchApp/VibeWatchAppRelease.entitlements;
				CODE_SIGN_IDENTITY = "Apple Development";
				CODE_SIGN_STYLE = Automatic;
				CURRENT_PROJECT_VERSION = 2;
				DEVELOPMENT_TEAM = 3V97GU3CCY;
				ENABLE_PREVIEWS = YES;
				GENERATE_INFOPLIST_FILE = YES;
				INFOPLIST_FILE = VibeWatchApp/Info.plist;
				INFOPLIST_KEY_CFBundleDisplayName = "$(APP_DISPLAY_NAME)";
				INFOPLIST_KEY_LSApplicationCategoryType = "public.app-category.entertainment";
				INFOPLIST_KEY_UIApplicationSceneManifest_Generation = YES;
				INFOPLIST_KEY_UIApplicationSupportsIndirectInputEvents = YES;
				INFOPLIST_KEY_UILaunchScreen_Generation = YES;
				INFOPLIST_KEY_UISupportedInterfaceOrientations_iPad = "UIInterfaceOrientationPortrait UIInterfaceOrientationPortraitUpsideDown UIInterfaceOrientationLandscapeLeft UIInterfaceOrientationLandscapeRight";
				INFOPLIST_KEY_UISupportedInterfaceOrientations_iPhone = "UIInterfaceOrientationPortrait UIInterfaceOrientationLandscapeLeft UIInterfaceOrientationLandscapeRight";
				IPHONEOS_DEPLOYMENT_TARGET = 17.0;
				LD_RUNPATH_SEARCH_PATHS = (
					"$(inherited)",
					"@executable_path/Frameworks",
				);
				MARKETING_VERSION = 1.02;
				PRODUCT_BUNDLE_IDENTIFIER = com.vibewatch.VibeWatchApp;
				PRODUCT_NAME = "$(TARGET_NAME)";
				PROVISIONING_PROFILE_SPECIFIER = "";
				SUPPORTED_PLATFORMS = "iphoneos iphonesimulator";
				SUPPORTS_MACCATALYST = NO;
				SUPPORTS_MAC_DESIGNED_FOR_IPHONE_IPAD = NO;
				SUPPORTS_XR_DESIGNED_FOR_IPHONE_IPAD = NO;
				SWIFT_EMIT_LOC_STRINGS = YES;
				SWIFT_VERSION = 5.0;
				TARGETED_DEVICE_FAMILY = "1,2";
			};
			name = Release;
		};
/* End XCBuildConfiguration section */

/* Begin XCConfigurationList section */
		B318DC852EC6920500DB1A9A /* Build configuration list for PBXProject "VibeWatchApp" */ = {
			isa = XCConfigurationList;
			buildConfigurations = (
				B318DC932EC6920800DB1A9A /* Debug */,
				B318DC942EC6920800DB1A9A /* Release */,
			);
			defaultConfigurationIsVisible = 0;
			defaultConfigurationName = Release;
		};
		B318DC952EC6920800DB1A9A /* Build configuration list for PBXNativeTarget "VibeWatchApp" */ = {
			isa = XCConfigurationList;
			buildConfigurations = (
				B318DC962EC6920800DB1A9A /* Debug */,
				B318DC972EC6920800DB1A9A /* Release */,
			);
			defaultConfigurationIsVisible = 0;
			defaultConfigurationName = Release;
		};
/* End XCConfigurationList section */

/* Begin XCRemoteSwiftPackageReference section */
		B318DCEC2EC6939A00DB1A9A /* XCRemoteSwiftPackageReference "supabase-swift" */ = {
			isa = XCRemoteSwiftPackageReference;
			repositoryURL = "https://github.com/supabase-community/supabase-swift.git";
			requirement = {
				kind = upToNextMajorVersion;
				minimumVersion = 2.5.1;
			};
		};
		B32F71122ED399B5001779C5 /* XCRemoteSwiftPackageReference "purchases-ios-spm" */ = {
			isa = XCRemoteSwiftPackageReference;
			repositoryURL = "https://github.com/RevenueCat/purchases-ios-spm.git";
			requirement = {
				kind = upToNextMajorVersion;
				minimumVersion = 5.49.0;
			};
		};
		B3DC12CA2ED5CB0400B5A429 /* XCRemoteSwiftPackageReference "firebase-ios-sdk" */ = {
			isa = XCRemoteSwiftPackageReference;
			repositoryURL = "https://github.com/firebase/firebase-ios-sdk";
			requirement = {
				kind = upToNextMajorVersion;
				minimumVersion = 12.6.0;
			};
		};
/* End XCRemoteSwiftPackageReference section */

/* Begin XCSwiftPackageProductDependency section */
		B318DCED2EC6939A00DB1A9A /* Auth */ = {
			isa = XCSwiftPackageProductDependency;
			package = B318DCEC2EC6939A00DB1A9A /* XCRemoteSwiftPackageReference "supabase-swift" */;
			productName = Auth;
		};
		B32F71132ED399B5001779C5 /* RevenueCat */ = {
			isa = XCSwiftPackageProductDependency;
			package = B32F71122ED399B5001779C5 /* XCRemoteSwiftPackageReference "purchases-ios-spm" */;
			productName = RevenueCat;
		};
		B32F71152ED399B5001779C5 /* RevenueCatUI */ = {
			isa = XCSwiftPackageProductDependency;
			package = B32F71122ED399B5001779C5 /* XCRemoteSwiftPackageReference "purchases-ios-spm" */;
			productName = RevenueCatUI;
		};
		B3DF8FA72ED5CEC3007FD5D0 /* FirebaseCore */ = {
			isa = XCSwiftPackageProductDependency;
			package = B3DC12CA2ED5CB0400B5A429 /* XCRemoteSwiftPackageReference "firebase-ios-sdk" */;
			productName = FirebaseCore;
		};
		B3DF8FA92ED5CEC3007FD5D0 /* FirebaseMessaging */ = {
			isa = XCSwiftPackageProductDependency;
			package = B3DC12CA2ED5CB0400B5A429 /* XCRemoteSwiftPackageReference "firebase-ios-sdk" */;
			productName = FirebaseMessaging;
		};
		B3E30E112ECCB7AA008A3B6C /* PostgREST */ = {
			isa = XCSwiftPackageProductDependency;
			package = B318DCEC2EC6939A00DB1A9A /* XCRemoteSwiftPackageReference "supabase-swift" */;
			productName = PostgREST;
		};
		B3E30E132ECCB7AA008A3B6C /* Supabase */ = {
			isa = XCSwiftPackageProductDependency;
			package = B318DCEC2EC6939A00DB1A9A /* XCRemoteSwiftPackageReference "supabase-swift" */;
			productName = Supabase;
		};
/* End XCSwiftPackageProductDependency section */
	};
	rootObject = B318DC822EC6920500DB1A9A /* Project object */;
}
