// !$*UTF8*$!
{
	archiveVersion = 1;
	classes = {
	};
	objectVersion = 77;
	objects = {

/* Begin PBXBuildFile section */
		04DE3D44BE064990BC929352 /* SyncEngineTests.swift in Sources */ = {isa = PBXBuildFile; fileRef = D914D0452F884693941FF37D /* SyncEngineTests.swift */; };
		13392337BF1F4B568E9A4B9C /* AppNavigationManagerTests.swift in Sources */ = {isa = PBXBuildFile; fileRef = D06ECE77A8DA440E92022CE7 /* AppNavigationManagerTests.swift */; };
		26BD1630A9514E7B9D559ED5 /* DatabaseMigrationTests.swift in Sources */ = {isa = PBXBuildFile; fileRef = F849736129F54FA8BD1D3247 /* DatabaseMigrationTests.swift */; };
		3A7518E7EFF7451DA829EBCA /* ClipCommentServiceTests.swift in Sources */ = {isa = PBXBuildFile; fileRef = 3B64FF4907D54457B73097CA /* ClipCommentServiceTests.swift */; };
		6041113C7B15457BB8A1B4EB /* ConflictResolverTests.swift in Sources */ = {isa = PBXBuildFile; fileRef = 75B51919D2BF4686B686EDCA /* ConflictResolverTests.swift */; };
		A1B2C3D4E5F6A1B2 /* KeychainStorageTests.swift in Sources */ = {isa = PBXBuildFile; fileRef = A1B2C3D4E5F6A1B3 /* KeychainStorageTests.swift */; };
		A1B2C3D4E5F6A1B4 /* AuthMigrationTests.swift in Sources */ = {isa = PBXBuildFile; fileRef = A1B2C3D4E5F6A1B5 /* AuthMigrationTests.swift */; };
		B276FBD367C144A78E0A9217 /* SyncStateMachineTests.swift in Sources */ = {isa = PBXBuildFile; fileRef = 7C39F30EEBCD42B48EC2203D /* SyncStateMachineTests.swift */; };
		B318DCEE2EC6939A00DB1A9A /* Auth in Frameworks */ = {isa = PBXBuildFile; productRef = B318DCED2EC6939A00DB1A9A /* Auth */; };
		B31D2C442EFFA4020091F030 /* GoogleMobileAds in Frameworks */ = {isa = PBXBuildFile; productRef = B31D2C432EFFA4020091F030 /* GoogleMobileAds */; };
		B32F71142ED399B5001779C5 /* RevenueCat in Frameworks */ = {isa = PBXBuildFile; productRef = B32F71132ED399B5001779C5 /* RevenueCat */; };
		B32F71162ED399B5001779C5 /* RevenueCatUI in Frameworks */ = {isa = PBXBuildFile; productRef = B32F71152ED399B5001779C5 /* RevenueCatUI */; };
		B3DF8FA82ED5CEC3007FD5D0 /* FirebaseCore in Frameworks */ = {isa = PBXBuildFile; productRef = B3DF8FA72ED5CEC3007FD5D0 /* FirebaseCore */; };
		B3DF8FAA2ED5CEC3007FD5D0 /* FirebaseMessaging in Frameworks */ = {isa = PBXBuildFile; productRef = B3DF8FA92ED5CEC3007FD5D0 /* FirebaseMessaging */; };
		B3E30E122ECCB7AA008A3B6C /* PostgREST in Frameworks */ = {isa = PBXBuildFile; productRef = B3E30E112ECCB7AA008A3B6C /* PostgREST */; };
		B3E30E142ECCB7AA008A3B6C /* Supabase in Frameworks */ = {isa = PBXBuildFile; productRef = B3E30E132ECCB7AA008A3B6C /* Supabase */; };
		B3F2F7E02F14A10000D1A004 /* YouTubeiOSPlayerHelper in Frameworks */ = {isa = PBXBuildFile; productRef = B3F2F7E32F14A10000D1A003 /* YouTubeiOSPlayerHelper */; };
		C3D4E5F6A1B2C3D4 /* PerformanceTests.swift in Sources */ = {isa = PBXBuildFile; fileRef = C3D4E5F6A1B2C3D5 /* PerformanceTests.swift */; };
		C6877C53B7A3455F88CAEEA9 /* AnalyticsInsightsTests.swift in Sources */ = {isa = PBXBuildFile; fileRef = 4C9EEC77D8F045818BF4B264 /* AnalyticsInsightsTests.swift */; };
		CF1EE317BD6A461DA9DC12F3 /* PostHogClientTests.swift in Sources */ = {isa = PBXBuildFile; fileRef = E7288DBFF0484707BB5CD260 /* PostHogClientTests.swift */; };
		D4E5F6A1B2C3D4E5 /* MultiDeviceSyncTests.swift in Sources */ = {isa = PBXBuildFile; fileRef = D4E5F6A1B2C3D4E6 /* MultiDeviceSyncTests.swift */; };
		E7D6C5B4A392817060504030 /* DiscoveryCarouselOrderingTests.swift in Sources */ = {isa = PBXBuildFile; fileRef = E7D6C5B4A392817060504031 /* DiscoveryCarouselOrderingTests.swift */; };
		E8A7B6C5D4E3F20123456789 /* WatchProvidersRepositoryTests.swift in Sources */ = {isa = PBXBuildFile; fileRef = E8A7B6C5D4E3F2012345678A /* WatchProvidersRepositoryTests.swift */; };
		E8A7B6C5D4E3F2012345678B /* WatchProviderLoadStateTests.swift in Sources */ = {isa = PBXBuildFile; fileRef = E8A7B6C5D4E3F2012345678C /* WatchProviderLoadStateTests.swift */; };
		E8B7C6D5A4F3920123456790 /* AIQuotaConfigurationTests.swift in Sources */ = {isa = PBXBuildFile; fileRef = E8B7C6D5A4F3920123456791 /* AIQuotaConfigurationTests.swift */; };
		E8B7C6D5A4F3920123456792 /* MediaListItemTests.swift in Sources */ = {isa = PBXBuildFile; fileRef = E8B7C6D5A4F3920123456793 /* MediaListItemTests.swift */; };
		E8B7C6D5A4F3920123456794 /* DetailLayoutTests.swift in Sources */ = {isa = PBXBuildFile; fileRef = E8B7C6D5A4F3920123456795 /* DetailLayoutTests.swift */; };
/* End PBXBuildFile section */

/* Begin PBXContainerItemProxy section */
		EE02D6F4DFD24EDF8837B7BE /* PBXContainerItemProxy */ = {
			isa = PBXContainerItemProxy;
			containerPortal = B318DC822EC6920500DB1A9A /* Project object */;
			proxyType = 1;
			remoteGlobalIDString = B318DC892EC6920500DB1A9A;
			remoteInfo = VibeWatchApp;
		};
/* End PBXContainerItemProxy section */

/* Begin PBXFileReference section */
		017B09F3416F44179444BCC2 /* VibeWatchAppTests.xctest */ = {isa = PBXFileReference; explicitFileType = wrapper.cfbundle; includeInIndex = 0; path = VibeWatchAppTests.xctest; sourceTree = BUILT_PRODUCTS_DIR; };
		3B64FF4907D54457B73097CA /* ClipCommentServiceTests.swift */ = {isa = PBXFileReference; lastKnownFileType = sourcecode.swift; path = ClipCommentServiceTests.swift; sourceTree = "<group>"; };
		4C9EEC77D8F045818BF4B264 /* AnalyticsInsightsTests.swift */ = {isa = PBXFileReference; lastKnownFileType = sourcecode.swift; path = AnalyticsInsightsTests.swift; sourceTree = "<group>"; };
		75B51919D2BF4686B686EDCA /* ConflictResolverTests.swift */ = {isa = PBXFileReference; lastKnownFileType = sourcecode.swift; path = ConflictResolverTests.swift; sourceTree = "<group>"; };
		7C39F30EEBCD42B48EC2203D /* SyncStateMachineTests.swift */ = {isa = PBXFileReference; lastKnownFileType = sourcecode.swift; path = SyncStateMachineTests.swift; sourceTree = "<group>"; };
		9FBD15ABB0BF4418879D52D9 /* VibeWatchAppTests/Info.plist */ = {isa = PBXFileReference; lastKnownFileType = text.plist.xml; path = VibeWatchAppTests/Info.plist; sourceTree = "<group>"; };
		A1B2C3D4E5F6A1B3 /* KeychainStorageTests.swift */ = {isa = PBXFileReference; lastKnownFileType = sourcecode.swift; path = KeychainStorageTests.swift; sourceTree = "<group>"; };
		A1B2C3D4E5F6A1B5 /* AuthMigrationTests.swift */ = {isa = PBXFileReference; lastKnownFileType = sourcecode.swift; path = AuthMigrationTests.swift; sourceTree = "<group>"; };
		B318DC8A2EC6920500DB1A9A /* VibeWatchApp.app */ = {isa = PBXFileReference; explicitFileType = wrapper.application; includeInIndex = 0; path = VibeWatchApp.app; sourceTree = BUILT_PRODUCTS_DIR; };
		B3F0F1A92F2A1B1C00AA1111 /* VibeWatchApp/Config/Secrets.xcconfig */ = {isa = PBXFileReference; lastKnownFileType = text.xcconfig; path = VibeWatchApp/Config/Secrets.xcconfig; sourceTree = "<group>"; };
		C3D4E5F6A1B2C3D5 /* PerformanceTests.swift */ = {isa = PBXFileReference; lastKnownFileType = sourcecode.swift; path = PerformanceTests.swift; sourceTree = "<group>"; };
		D06ECE77A8DA440E92022CE7 /* AppNavigationManagerTests.swift */ = {isa = PBXFileReference; lastKnownFileType = sourcecode.swift; path = AppNavigationManagerTests.swift; sourceTree = "<group>"; };
		D4E5F6A1B2C3D4E6 /* MultiDeviceSyncTests.swift */ = {isa = PBXFileReference; lastKnownFileType = sourcecode.swift; name = MultiDeviceSyncTests.swift; path = VibeWatchApp/Tests/MultiDeviceSyncTests.swift; sourceTree = SOURCE_ROOT; };
		D914D0452F884693941FF37D /* SyncEngineTests.swift */ = {isa = PBXFileReference; lastKnownFileType = sourcecode.swift; path = SyncEngineTests.swift; sourceTree = "<group>"; };
		E7288DBFF0484707BB5CD260 /* PostHogClientTests.swift */ = {isa = PBXFileReference; lastKnownFileType = sourcecode.swift; path = PostHogClientTests.swift; sourceTree = "<group>"; };
		E7D6C5B4A392817060504031 /* DiscoveryCarouselOrderingTests.swift */ = {isa = PBXFileReference; lastKnownFileType = sourcecode.swift; path = DiscoveryCarouselOrderingTests.swift; sourceTree = "<group>"; };
		E8A7B6C5D4E3F2012345678A /* WatchProvidersRepositoryTests.swift */ = {isa = PBXFileReference; lastKnownFileType = sourcecode.swift; path = WatchProvidersRepositoryTests.swift; sourceTree = "<group>"; };
		E8A7B6C5D4E3F2012345678C /* WatchProviderLoadStateTests.swift */ = {isa = PBXFileReference; lastKnownFileType = sourcecode.swift; path = WatchProviderLoadStateTests.swift; sourceTree = "<group>"; };
		E8B7C6D5A4F3920123456791 /* AIQuotaConfigurationTests.swift */ = {isa = PBXFileReference; lastKnownFileType = sourcecode.swift; path = AIQuotaConfigurationTests.swift; sourceTree = "<group>"; };
		E8B7C6D5A4F3920123456793 /* MediaListItemTests.swift */ = {isa = PBXFileReference; lastKnownFileType = sourcecode.swift; path = MediaListItemTests.swift; sourceTree = "<group>"; };
		E8B7C6D5A4F3920123456795 /* DetailLayoutTests.swift */ = {isa = PBXFileReference; lastKnownFileType = sourcecode.swift; path = DetailLayoutTests.swift; sourceTree = "<group>"; };
		F849736129F54FA8BD1D3247 /* DatabaseMigrationTests.swift */ = {isa = PBXFileReference; lastKnownFileType = sourcecode.swift; path = DatabaseMigrationTests.swift; sourceTree = "<group>"; };
/* End PBXFileReference section */

/* Begin PBXFileSystemSynchronizedBuildFileExceptionSet section */
		B3427FB92ECFFD62002C37BB /* Exceptions for "VibeWatchApp" folder in "VibeWatchApp" target */ = {
			isa = PBXFileSystemSynchronizedBuildFileExceptionSet;
			membershipExceptions = (
				Info.plist,
				Tests/MultiDeviceSyncTests.swift,
			);
			target = B318DC892EC6920500DB1A9A /* VibeWatchApp */;
		};
/* End PBXFileSystemSynchronizedBuildFileExceptionSet section */

/* Begin PBXFileSystemSynchronizedRootGroup section */
		B318DC8C2EC6920500DB1A9A /* VibeWatchApp */ = {
			isa = PBXFileSystemSynchronizedRootGroup;
			exceptions = (
				B3427FB92ECFFD62002C37BB /* Exceptions for "VibeWatchApp" folder in "VibeWatchApp" target */,
			);
			path = VibeWatchApp;
			sourceTree = "<group>";
		};
/* End PBXFileSystemSynchronizedRootGroup section */

/* Begin PBXFrameworksBuildPhase section */
		B318DC872EC6920500DB1A9A /* Frameworks */ = {
			isa = PBXFrameworksBuildPhase;
			buildActionMask = 2147483647;
			files = (
				B32F71142ED399B5001779C5 /* RevenueCat in Frameworks */,
				B3E30E122ECCB7AA008A3B6C /* PostgREST in Frameworks */,
				B3DF8FAA2ED5CEC3007FD5D0 /* FirebaseMessaging in Frameworks */,
				B31D2C442EFFA4020091F030 /* GoogleMobileAds in Frameworks */,
				B318DCEE2EC6939A00DB1A9A /* Auth in Frameworks */,
				B32F71162ED399B5001779C5 /* RevenueCatUI in Frameworks */,
				B3DF8FA82ED5CEC3007FD5D0 /* FirebaseCore in Frameworks */,
				B3E30E142ECCB7AA008A3B6C /* Supabase in Frameworks */,
				B3F2F7E02F14A10000D1A004 /* YouTubeiOSPlayerHelper in Frameworks */,
			);
			runOnlyForDeploymentPostprocessing = 0;
		};
		ED6A2F54E9FE48C9838BCD16 /* Frameworks */ = {
			isa = PBXFrameworksBuildPhase;
			buildActionMask = 2147483647;
			files = (
			);
			runOnlyForDeploymentPostprocessing = 0;
		};
/* End PBXFrameworksBuildPhase section */

/* Begin PBXGroup section */
		1C38A8861B0F4F5D876EE606 /* VibeWatchAppTests */ = {
			isa = PBXGroup;
			children = (
				9FBD15ABB0BF4418879D52D9 /* VibeWatchAppTests/Info.plist */,
				E7288DBFF0484707BB5CD260 /* PostHogClientTests.swift */,
				D914D0452F884693941FF37D /* SyncEngineTests.swift */,
				7C39F30EEBCD42B48EC2203D /* SyncStateMachineTests.swift */,
				75B51919D2BF4686B686EDCA /* ConflictResolverTests.swift */,
				3B64FF4907D54457B73097CA /* ClipCommentServiceTests.swift */,
				F849736129F54FA8BD1D3247 /* DatabaseMigrationTests.swift */,
				D06ECE77A8DA440E92022CE7 /* AppNavigationManagerTests.swift */,
				4C9EEC77D8F045818BF4B264 /* AnalyticsInsightsTests.swift */,
				E7D6C5B4A392817060504031 /* DiscoveryCarouselOrderingTests.swift */,
				E8A7B6C5D4E3F2012345678A /* WatchProvidersRepositoryTests.swift */,
				E8A7B6C5D4E3F2012345678C /* WatchProviderLoadStateTests.swift */,
				E8B7C6D5A4F3920123456791 /* AIQuotaConfigurationTests.swift */,
				E8B7C6D5A4F3920123456793 /* MediaListItemTests.swift */,
				E8B7C6D5A4F3920123456795 /* DetailLayoutTests.swift */,
				A1B2C3D4E5F6A1B3 /* KeychainStorageTests.swift */,
				A1B2C3D4E5F6A1B5 /* AuthMigrationTests.swift */,
				C3D4E5F6A1B2C3D5 /* PerformanceTests.swift */,
				D4E5F6A1B2C3D4E6 /* MultiDeviceSyncTests.swift */,
			);
			path = VibeWatchAppTests;
			sourceTree = "<group>";
		};
		B318DC812EC6920500DB1A9A = {
			isa = PBXGroup;
			children = (
				B318DC8C2EC6920500DB1A9A /* VibeWatchApp */,
				1C38A8861B0F4F5D876EE606 /* VibeWatchAppTests */,
				B3E30E102ECCB7AA008A3B6C /* Frameworks */,
				B318DC8B2EC6920500DB1A9A /* Products */,
				B39A3C0B2EF5898A0087B6B2 /* Recovered References */,
			);
			sourceTree = "<group>";
		};
		B318DC8B2EC6920500DB1A9A /* Products */ = {
			isa = PBXGroup;
			children = (
				B318DC8A2EC6920500DB1A9A /* VibeWatchApp.app */,
				017B09F3416F44179444BCC2 /* VibeWatchAppTests.xctest */,
			);
			name = Products;
			sourceTree = "<group>";
		};
		B39A3C0B2EF5898A0087B6B2 /* Recovered References */ = {
			isa = PBXGroup;
			children = (
				B3F0F1A92F2A1B1C00AA1111 /* VibeWatchApp/Config/Secrets.xcconfig */,
			);
			name = "Recovered References";
			sourceTree = "<group>";
		};
		B3E30E102ECCB7AA008A3B6C /* Frameworks */ = {
			isa = PBXGroup;
			children = (
			);
			name = Frameworks;
			sourceTree = "<group>";
		};
/* End PBXGroup section */

/* Begin PBXNativeTarget section */
		6FD2892C70554E89BC8FEFD1 /* VibeWatchAppTests */ = {
			isa = PBXNativeTarget;
			buildConfigurationList = CDD7E746477247ACA5CB37F4 /* Build configuration list for PBXNativeTarget "VibeWatchAppTests" */;
			buildPhases = (
				2BC040EEBFB0469DB94FDF15 /* Sources */,
				ED6A2F54E9FE48C9838BCD16 /* Frameworks */,
				6B130BF537D94760834B389F /* Resources */,
			);
			buildRules = (
			);
			dependencies = (
				D5D51638EDAD4C9A9B52D5EB /* PBXTargetDependency */,
			);
			name = VibeWatchAppTests;
			productName = VibeWatchAppTests;
			productReference = 017B09F3416F44179444BCC2 /* VibeWatchAppTests.xctest */;
			productType = "com.apple.product-type.bundle.unit-test";
		};
		B318DC892EC6920500DB1A9A /* VibeWatchApp */ = {
			isa = PBXNativeTarget;
			buildConfigurationList = B318DC952EC6920800DB1A9A /* Build configuration list for PBXNativeTarget "VibeWatchApp" */;
			buildPhases = (
				B318DC862EC6920500DB1A9A /* Sources */,
				B318DC872EC6920500DB1A9A /* Frameworks */,
				B318DC882EC6920500DB1A9A /* Resources */,
			);
			buildRules = (
			);
			dependencies = (
			);
			fileSystemSynchronizedGroups = (
				B318DC8C2EC6920500DB1A9A /* VibeWatchApp */,
			);
			name = VibeWatchApp;
			packageProductDependencies = (
				B318DCED2EC6939A00DB1A9A /* Auth */,
				B3E30E112ECCB7AA008A3B6C /* PostgREST */,
				B3E30E132ECCB7AA008A3B6C /* Supabase */,
				B32F71132ED399B5001779C5 /* RevenueCat */,
				B32F71152ED399B5001779C5 /* RevenueCatUI */,
				B3DF8FA72ED5CEC3007FD5D0 /* FirebaseCore */,
				B3DF8FA92ED5CEC3007FD5D0 /* FirebaseMessaging */,
				B3F2F7E32F14A10000D1A003 /* YouTubeiOSPlayerHelper */,
				B31D2C432EFFA4020091F030 /* GoogleMobileAds */,
			);
			productName = VibeWatchApp;
			productReference = B318DC8A2EC6920500DB1A9A /* VibeWatchApp.app */;
			productType = "com.apple.product-type.application";
		};
/* End PBXNativeTarget section */

/* Begin PBXProject section */
		B318DC822EC6920500DB1A9A /* Project object */ = {
			isa = PBXProject;
			attributes = {
				BuildIndependentTargetsInParallel = 1;
				LastSwiftUpdateCheck = 1640;
				LastUpgradeCheck = 1640;
				TargetAttributes = {
					6FD2892C70554E89BC8FEFD1 = {
						CreatedOnToolsVersion = 16.4;
					};
					B318DC892EC6920500DB1A9A = {
						CreatedOnToolsVersion = 16.4;
					};
				};
			};
			buildConfigurationList = B318DC852EC6920500DB1A9A /* Build configuration list for PBXProject "VibeWatchApp" */;
			developmentRegion = en;
			hasScannedForEncodings = 0;
			knownRegions = (
				en,
				Base,
				it,
				de,
				ja,
				hi,
				no,
				el,
				sv,
				tr,
				nl,
				ru,
				zh,
				da,
				fr,
				ko,
				es,
				pl,
				pt,
				fi,
				nb,
			);
			mainGroup = B318DC812EC6920500DB1A9A;
			minimizedProjectReferenceProxies = 1;
			packageReferences = (
				B318DCEC2EC6939A00DB1A9A /* XCRemoteSwiftPackageReference "supabase-swift" */,
				B32F71122ED399B5001779C5 /* XCRemoteSwiftPackageReference "purchases-ios-spm" */,
				B3DC12CA2ED5CB0400B5A429 /* XCRemoteSwiftPackageReference "firebase-ios-sdk" */,
				B3F2F7E22F14A10000D1A002 /* XCRemoteSwiftPackageReference "youtube-ios-player-helper" */,
				B31D2C422EFFA4020091F030 /* XCRemoteSwiftPackageReference "swift-package-manager-google-mobile-ads" */,
			);
			preferredProjectObjectVersion = 77;
			productRefGroup = B318DC8B2EC6920500DB1A9A /* Products */;
			projectDirPath = "";
			projectRoot = "";
			targets = (
				B318DC892EC6920500DB1A9A /* VibeWatchApp */,
				6FD2892C70554E89BC8FEFD1 /* VibeWatchAppTests */,
			);
		};
/* End PBXProject section */

/* Begin PBXResourcesBuildPhase section */
		6B130BF537D94760834B389F /* Resources */ = {
			isa = PBXResourcesBuildPhase;
			buildActionMask = 2147483647;
			files = (
			);
			runOnlyForDeploymentPostprocessing = 0;
		};
		B318DC882EC6920500DB1A9A /* Resources */ = {
			isa = PBXResourcesBuildPhase;
			buildActionMask = 2147483647;
			files = (
			);
			runOnlyForDeploymentPostprocessing = 0;
		};
/* End PBXResourcesBuildPhase section */

/* Begin PBXSourcesBuildPhase section */
		2BC040EEBFB0469DB94FDF15 /* Sources */ = {
			isa = PBXSourcesBuildPhase;
			buildActionMask = 2147483647;
			files = (
				CF1EE317BD6A461DA9DC12F3 /* PostHogClientTests.swift in Sources */,
				04DE3D44BE064990BC929352 /* SyncEngineTests.swift in Sources */,
				B276FBD367C144A78E0A9217 /* SyncStateMachineTests.swift in Sources */,
				6041113C7B15457BB8A1B4EB /* ConflictResolverTests.swift in Sources */,
				3A7518E7EFF7451DA829EBCA /* ClipCommentServiceTests.swift in Sources */,
				26BD1630A9514E7B9D559ED5 /* DatabaseMigrationTests.swift in Sources */,
				13392337BF1F4B568E9A4B9C /* AppNavigationManagerTests.swift in Sources */,
				C6877C53B7A3455F88CAEEA9 /* AnalyticsInsightsTests.swift in Sources */,
				E7D6C5B4A392817060504030 /* DiscoveryCarouselOrderingTests.swift in Sources */,
				E8A7B6C5D4E3F20123456789 /* WatchProvidersRepositoryTests.swift in Sources */,
				E8A7B6C5D4E3F2012345678B /* WatchProviderLoadStateTests.swift in Sources */,
				E8B7C6D5A4F3920123456790 /* AIQuotaConfigurationTests.swift in Sources */,
				E8B7C6D5A4F3920123456792 /* MediaListItemTests.swift in Sources */,
				E8B7C6D5A4F3920123456794 /* DetailLayoutTests.swift in Sources */,
				A1B2C3D4E5F6A1B2 /* KeychainStorageTests.swift in Sources */,
				A1B2C3D4E5F6A1B4 /* AuthMigrationTests.swift in Sources */,
				C3D4E5F6A1B2C3D4 /* PerformanceTests.swift in Sources */,
				D4E5F6A1B2C3D4E5 /* MultiDeviceSyncTests.swift in Sources */,
			);
			runOnlyForDeploymentPostprocessing = 0;
		};
		B318DC862EC6920500DB1A9A /* Sources */ = {
			isa = PBXSourcesBuildPhase;
			buildActionMask = 2147483647;
			files = (
			);
			runOnlyForDeploymentPostprocessing = 0;
		};
/* End PBXSourcesBuildPhase section */

/* Begin PBXTargetDependency section */
		D5D51638EDAD4C9A9B52D5EB /* PBXTargetDependency */ = {
			isa = PBXTargetDependency;
			target = B318DC892EC6920500DB1A9A /* VibeWatchApp */;
			targetProxy = EE02D6F4DFD24EDF8837B7BE /* PBXContainerItemProxy */;
		};
/* End PBXTargetDependency section */

/* Begin XCBuildConfiguration section */
		B318DC932EC6920800DB1A9A /* Debug */ = {
			isa = XCBuildConfiguration;
			buildSettings = {
				ALWAYS_SEARCH_USER_PATHS = NO;
				ASSETCATALOG_COMPILER_GENERATE_SWIFT_ASSET_SYMBOL_EXTENSIONS = YES;
				CLANG_ANALYZER_NONNULL = YES;
				CLANG_ANALYZER_NUMBER_OBJECT_CONVERSION = YES_AGGRESSIVE;
				CLANG_CXX_LANGUAGE_STANDARD = "gnu++20";
				CLANG_ENABLE_MODULES = YES;
				CLANG_ENABLE_OBJC_ARC = YES;
				CLANG_ENABLE_OBJC_WEAK = YES;
				CLANG_WARN_BLOCK_CAPTURE_AUTORELEASING = YES;
				CLANG_WARN_BOOL_CONVERSION = YES;
				CLANG_WARN_COMMA = YES;
				CLANG_WARN_CONSTANT_CONVERSION = YES;
				CLANG_WARN_DEPRECATED_OBJC_IMPLEMENTATIONS = YES;
				CLANG_WARN_DIRECT_OBJC_ISA_USAGE = YES_ERROR;
				CLANG_WARN_DOCUMENTATION_COMMENTS = YES;
				CLANG_WARN_EMPTY_BODY = YES;
				CLANG_WARN_ENUM_CONVERSION = YES;
				CLANG_WARN_INFINITE_RECURSION = YES;
				CLANG_WARN_INT_CONVERSION = YES;
				CLANG_WARN_NON_LITERAL_NULL_CONVERSION = YES;
				CLANG_WARN_OBJC_IMPLICIT_RETAIN_SELF = YES;
				CLANG_WARN_OBJC_LITERAL_CONVERSION = YES;
				CLANG_WARN_OBJC_ROOT_CLASS = YES_ERROR;
				CLANG_WARN_QUOTED_INCLUDE_IN_FRAMEWORK_HEADER = YES;
				CLANG_WARN_RANGE_LOOP_ANALYSIS = YES;
				CLANG_WARN_STRICT_PROTOTYPES = YES;
				CLANG_WARN_SUSPICIOUS_MOVE = YES;
				CLANG_WARN_UNGUARDED_AVAILABILITY = YES_AGGRESSIVE;
				CLANG_WARN_UNREACHABLE_CODE = YES;
				CLANG_WARN__DUPLICATE_METHOD_MATCH = YES;
				COPY_PHASE_STRIP = NO;
				DEBUG_INFORMATION_FORMAT = dwarf;
				DEVELOPMENT_TEAM = 3V97GU3CCY;
				ENABLE_STRICT_OBJC_MSGSEND = YES;
				ENABLE_TESTABILITY = YES;
				ENABLE_USER_SCRIPT_SANDBOXING = YES;
				GCC_C_LANGUAGE_STANDARD = gnu17;
				GCC_DYNAMIC_NO_PIC = NO;
				GCC_NO_COMMON_BLOCKS = YES;
				GCC_OPTIMIZATION_LEVEL = 0;
				GCC_PREPROCESSOR_DEFINITIONS = (
					"DEBUG=1",
					"$(inherited)",
				);
				GCC_WARN_64_TO_32_BIT_CONVERSION = YES;
				GCC_WARN_ABOUT_RETURN_TYPE = YES_ERROR;
				GCC_WARN_UNDECLARED_SELECTOR = YES;
				GCC_WARN_UNINITIALIZED_AUTOS = YES_AGGRESSIVE;
				GCC_WARN_UNUSED_FUNCTION = YES;
				GCC_WARN_UNUSED_VARIABLE = YES;
				IPHONEOS_DEPLOYMENT_TARGET = 17.0;
				LOCALIZATION_PREFERS_STRING_CATALOGS = YES;
				MTL_ENABLE_DEBUG_INFO = INCLUDE_SOURCE;
				MTL_FAST_MATH = YES;
				ONLY_ACTIVE_ARCH = YES;
				SDKROOT = iphoneos;
				SWIFT_ACTIVE_COMPILATION_CONDITIONS = "DEBUG $(inherited)";
				SWIFT_OPTIMIZATION_LEVEL = "-Onone";
			};
			name = Debug;
		};
		B318DC942EC6920800DB1A9A /* Release */ = {
			isa = XCBuildConfiguration;
			buildSettings = {
				ALWAYS_SEARCH_USER_PATHS = NO;
				ASSETCATALOG_COMPILER_GENERATE_SWIFT_ASSET_SYMBOL_EXTENSIONS = YES;
				CLANG_ANALYZER_NONNULL = YES;
				CLANG_ANALYZER_NUMBER_OBJECT_CONVERSION = YES_AGGRESSIVE;
				CLANG_CXX_LANGUAGE_STANDARD = "gnu++20";
				CLANG_ENABLE_MODULES = YES;
				CLANG_ENABLE_OBJC_ARC = YES;
				CLANG_ENABLE_OBJC_WEAK = YES;
				CLANG_WARN_BLOCK_CAPTURE_AUTORELEASING = YES;
				CLANG_WARN_BOOL_CONVERSION = YES;
				CLANG_WARN_COMMA = YES;
				CLANG_WARN_CONSTANT_CONVERSION = YES;
				CLANG_WARN_DEPRECATED_OBJC_IMPLEMENTATIONS = YES;
				CLANG_WARN_DIRECT_OBJC_ISA_USAGE = YES_ERROR;
				CLANG_WARN_DOCUMENTATION_COMMENTS = YES;
				CLANG_WARN_EMPTY_BODY = YES;
				CLANG_WARN_ENUM_CONVERSION = YES;
				CLANG_WARN_INFINITE_RECURSION = YES;
				CLANG_WARN_INT_CONVERSION = YES;
				CLANG_WARN_NON_LITERAL_NULL_CONVERSION = YES;
				CLANG_WARN_OBJC_IMPLICIT_RETAIN_SELF = YES;
				CLANG_WARN_OBJC_LITERAL_CONVERSION = YES;
				CLANG_WARN_OBJC_ROOT_CLASS = YES_ERROR;
				CLANG_WARN_QUOTED_INCLUDE_IN_FRAMEWORK_HEADER = YES;
				CLANG_WARN_RANGE_LOOP_ANALYSIS = YES;
				CLANG_WARN_STRICT_PROTOTYPES = YES;
				CLANG_WARN_SUSPICIOUS_MOVE = YES;
				CLANG_WARN_UNGUARDED_AVAILABILITY = YES_AGGRESSIVE;
				CLANG_WARN_UNREACHABLE_CODE = YES;
				CLANG_WARN__DUPLICATE_METHOD_MATCH = YES;
				COPY_PHASE_STRIP = NO;
				DEBUG_INFORMATION_FORMAT = "dwarf-with-dsym";
				DEVELOPMENT_TEAM = 3V97GU3CCY;
				ENABLE_NS_ASSERTIONS = NO;
				ENABLE_STRICT_OBJC_MSGSEND = YES;
				ENABLE_USER_SCRIPT_SANDBOXING = YES;
				GCC_C_LANGUAGE_STANDARD = gnu17;
				GCC_NO_COMMON_BLOCKS = YES;
				GCC_WARN_64_TO_32_BIT_CONVERSION = YES;
				GCC_WARN_ABOUT_RETURN_TYPE = YES_ERROR;
				GCC_WARN_UNDECLARED_SELECTOR = YES;
				GCC_WARN_UNINITIALIZED_AUTOS = YES_AGGRESSIVE;
				GCC_WARN_UNUSED_FUNCTION = YES;
				GCC_WARN_UNUSED_VARIABLE = YES;
				IPHONEOS_DEPLOYMENT_TARGET = 17.0;
				LOCALIZATION_PREFERS_STRING_CATALOGS = YES;
				MTL_ENABLE_DEBUG_INFO = NO;
				MTL_FAST_MATH = YES;
				SDKROOT = iphoneos;
				SWIFT_COMPILATION_MODE = wholemodule;
				VALIDATE_PRODUCT = YES;
			};
			name = Release;
		};
		B318DC962EC6920800DB1A9A /* Debug */ = {
			isa = XCBuildConfiguration;
			baseConfigurationReference = B3F0F1A92F2A1B1C00AA1111 /* VibeWatchApp/Config/Secrets.xcconfig */;
			buildSettings = {
				APP_DISPLAY_NAME = "";
				"APP_DISPLAY_NAME[arch=*]" = "VibeWatch Beta";
				ASSETCATALOG_COMPILER_APPICON_NAME = AppIcon;
				ASSETCATALOG_COMPILER_GLOBAL_ACCENT_COLOR_NAME = AccentColor;
				CODE_SIGN_IDENTITY = "Apple Development";
				"CODE_SIGN_IDENTITY[sdk=iphoneos*]" = "iPhone Developer";
				CODE_SIGN_STYLE = Manual;
				CURRENT_PROJECT_VERSION = 1;
				DEVELOPMENT_TEAM = "";
				"DEVELOPMENT_TEAM[sdk=iphoneos*]" = 3V97GU3CCY;
				ENABLE_PREVIEWS = YES;
				GENERATE_INFOPLIST_FILE = YES;
				INFOPLIST_FILE = VibeWatchApp/Info.plist;
				INFOPLIST_KEY_CFBundleDisplayName = "$(APP_DISPLAY_NAME)";
				INFOPLIST_KEY_LSApplicationCategoryType = "public.app-category.entertainment";
				INFOPLIST_KEY_UIApplicationSceneManifest_Generation = YES;
				INFOPLIST_KEY_UIApplicationSupportsIndirectInputEvents = YES;
				INFOPLIST_KEY_UILaunchScreen_Generation = YES;
				INFOPLIST_KEY_UISupportedInterfaceOrientations_iPad = "UIInterfaceOrientationPortrait UIInterfaceOrientationPortraitUpsideDown UIInterfaceOrientationLandscapeLeft UIInterfaceOrientationLandscapeRight";
				INFOPLIST_KEY_UISupportedInterfaceOrientations_iPhone = "UIInterfaceOrientationPortrait UIInterfaceOrientationLandscapeLeft UIInterfaceOrientationLandscapeRight";
				IPHONEOS_DEPLOYMENT_TARGET = 18.5;
				LD_RUNPATH_SEARCH_PATHS = (
					"$(inherited)",
					"@executable_path/Frameworks",
				);
				MARKETING_VERSION = 2.4;
				PRODUCT_BUNDLE_IDENTIFIER = com.vibewatch.VibeWatchApp.beta;
				PRODUCT_NAME = "$(TARGET_NAME)";
				PROVISIONING_PROFILE_SPECIFIER = "";
				"PROVISIONING_PROFILE_SPECIFIER[sdk=iphoneos*]" = "VibeWatch Beta";
				SUPPORTED_PLATFORMS = "iphoneos iphonesimulator";
				SUPPORTS_MACCATALYST = NO;
				SUPPORTS_MAC_DESIGNED_FOR_IPHONE_IPAD = NO;
				SUPPORTS_XR_DESIGNED_FOR_IPHONE_IPAD = NO;
				SWIFT_EMIT_LOC_STRINGS = YES;
				SWIFT_VERSION = 5.0;
				TARGETED_DEVICE_FAMILY = "1,2";
			};
			name = Debug;
		};
		B318DC972EC6920800DB1A9A /* Release */ = {
			isa = XCBuildConfiguration;
			baseConfigurationReference = B3F0F1A92F2A1B1C00AA1111 /* VibeWatchApp/Config/Secrets.xcconfig */;
			buildSettings = {
				APP_DISPLAY_NAME = "";
				"APP_DISPLAY_NAME[arch=*]" = VibeWatch;
				ASSETCATALOG_COMPILER_APPICON_NAME = AppIcon;
				ASSETCATALOG_COMPILER_GLOBAL_ACCENT_COLOR_NAME = AccentColor;
				CODE_SIGN_ENTITLEMENTS = VibeWatchApp/VibeWatchAppRelease.entitlements;
				CODE_SIGN_IDENTITY = "Apple Development";
				CODE_SIGN_STYLE = Automatic;
				CURRENT_PROJECT_VERSION = 1;
				DEVELOPMENT_TEAM = 3V97GU3CCY;
				ENABLE_PREVIEWS = YES;
				GENERATE_INFOPLIST_FILE = YES;
				INFOPLIST_FILE = VibeWatchApp/Info.plist;
				INFOPLIST_KEY_CFBundleDisplayName = "$(APP_DISPLAY_NAME)";
				INFOPLIST_KEY_LSApplicationCategoryType = "public.app-category.entertainment";
				INFOPLIST_KEY_UIApplicationSceneManifest_Generation = YES;
				INFOPLIST_KEY_UIApplicationSupportsIndirectInputEvents = YES;
				INFOPLIST_KEY_UILaunchScreen_Generation = YES;
				INFOPLIST_KEY_UISupportedInterfaceOrientations_iPad = "UIInterfaceOrientationPortrait UIInterfaceOrientationPortraitUpsideDown UIInterfaceOrientationLandscapeLeft UIInterfaceOrientationLandscapeRight";
				INFOPLIST_KEY_UISupportedInterfaceOrientations_iPhone = "UIInterfaceOrientationPortrait UIInterfaceOrientationLandscapeLeft UIInterfaceOrientationLandscapeRight";
				IPHONEOS_DEPLOYMENT_TARGET = 18.5;
				LD_RUNPATH_SEARCH_PATHS = (
					"$(inherited)",
					"@executable_path/Frameworks",
				);
				MARKETING_VERSION = 2.4;
				PRODUCT_BUNDLE_IDENTIFIER = com.vibewatch.VibeWatchApp;
				PRODUCT_NAME = "$(TARGET_NAME)";
				PROVISIONING_PROFILE_SPECIFIER = "";
				SUPPORTED_PLATFORMS = "iphoneos iphonesimulator";
				SUPPORTS_MACCATALYST = NO;
				SUPPORTS_MAC_DESIGNED_FOR_IPHONE_IPAD = NO;
				SUPPORTS_XR_DESIGNED_FOR_IPHONE_IPAD = NO;
				SWIFT_EMIT_LOC_STRINGS = YES;
				SWIFT_VERSION = 5.0;
				TARGETED_DEVICE_FAMILY = "1,2";
			};
			name = Release;
		};
		F09297016BFD439BA1DC503C /* Release */ = {
			isa = XCBuildConfiguration;
			buildSettings = {
				BUNDLE_LOADER = "$(TEST_HOST)";
				INFOPLIST_FILE = VibeWatchAppTests/Info.plist;
				IPHONEOS_DEPLOYMENT_TARGET = 18.5;
				LD_RUNPATH_SEARCH_PATHS = (
					"$(inherited)",
					"@executable_path/Frameworks",
					"@loader_path/Frameworks",
				);
				PRODUCT_BUNDLE_IDENTIFIER = com.vibewatch.VibeWatchAppTests;
				PRODUCT_NAME = "$(TARGET_NAME)";
				SDKROOT = iphoneos;
				SWIFT_VERSION = 5.0;
				TARGETED_DEVICE_FAMILY = "1,2";
				TEST_HOST = "$(BUILT_PRODUCTS_DIR)/VibeWatchApp.app/VibeWatchApp";
			};
			name = Release;
		};
		F0EC8F9B700740BF9FE5920C /* Debug */ = {
			isa = XCBuildConfiguration;
			buildSettings = {
				BUNDLE_LOADER = "$(TEST_HOST)";
				INFOPLIST_FILE = VibeWatchAppTests/Info.plist;
				IPHONEOS_DEPLOYMENT_TARGET = 18.5;
				LD_RUNPATH_SEARCH_PATHS = (
					"$(inherited)",
					"@executable_path/Frameworks",
					"@loader_path/Frameworks",
				);
				PRODUCT_BUNDLE_IDENTIFIER = com.vibewatch.VibeWatchAppTests;
				PRODUCT_NAME = "$(TARGET_NAME)";
				SDKROOT = iphoneos;
				SWIFT_VERSION = 5.0;
				TARGETED_DEVICE_FAMILY = "1,2";
				TEST_HOST = "$(BUILT_PRODUCTS_DIR)/VibeWatchApp.app/VibeWatchApp";
			};
			name = Debug;
		};
/* End XCBuildConfiguration section */

/* Begin XCConfigurationList section */
		B318DC852EC6920500DB1A9A /* Build configuration list for PBXProject "VibeWatchApp" */ = {
			isa = XCConfigurationList;
			buildConfigurations = (
				B318DC932EC6920800DB1A9A /* Debug */,
				B318DC942EC6920800DB1A9A /* Release */,
			);
			defaultConfigurationIsVisible = 0;
			defaultConfigurationName = Release;
		};
		B318DC952EC6920800DB1A9A /* Build configuration list for PBXNativeTarget "VibeWatchApp" */ = {
			isa = XCConfigurationList;
			buildConfigurations = (
				B318DC962EC6920800DB1A9A /* Debug */,
				B318DC972EC6920800DB1A9A /* Release */,
			);
			defaultConfigurationIsVisible = 0;
			defaultConfigurationName = Release;
		};
		CDD7E746477247ACA5CB37F4 /* Build configuration list for PBXNativeTarget "VibeWatchAppTests" */ = {
			isa = XCConfigurationList;
			buildConfigurations = (
				F0EC8F9B700740BF9FE5920C /* Debug */,
				F09297016BFD439BA1DC503C /* Release */,
			);
			defaultConfigurationIsVisible = 0;
			defaultConfigurationName = Release;
		};
/* End XCConfigurationList section */

/* Begin XCRemoteSwiftPackageReference section */
		B318DCEC2EC6939A00DB1A9A /* XCRemoteSwiftPackageReference "supabase-swift" */ = {
			isa = XCRemoteSwiftPackageReference;
			repositoryURL = "https://github.com/supabase-community/supabase-swift.git";
			requirement = {
				kind = upToNextMajorVersion;
				minimumVersion = 2.5.1;
			};
		};
		B31D2C422EFFA4020091F030 /* XCRemoteSwiftPackageReference "swift-package-manager-google-mobile-ads" */ = {
			isa = XCRemoteSwiftPackageReference;
			repositoryURL = "https://github.com/googleads/swift-package-manager-google-mobile-ads";
			requirement = {
				kind = upToNextMajorVersion;
				minimumVersion = 12.14.0;
			};
		};
		B32F71122ED399B5001779C5 /* XCRemoteSwiftPackageReference "purchases-ios-spm" */ = {
			isa = XCRemoteSwiftPackageReference;
			repositoryURL = "https://github.com/RevenueCat/purchases-ios-spm.git";
			requirement = {
				kind = upToNextMajorVersion;
				minimumVersion = 5.49.0;
			};
		};
		B3DC12CA2ED5CB0400B5A429 /* XCRemoteSwiftPackageReference "firebase-ios-sdk" */ = {
			isa = XCRemoteSwiftPackageReference;
			repositoryURL = "https://github.com/firebase/firebase-ios-sdk";
			requirement = {
				kind = upToNextMajorVersion;
				minimumVersion = 12.6.0;
			};
		};
		B3F2F7E22F14A10000D1A002 /* XCRemoteSwiftPackageReference "youtube-ios-player-helper" */ = {
			isa = XCRemoteSwiftPackageReference;
			repositoryURL = "https://github.com/youtube/youtube-ios-player-helper.git";
			requirement = {
				kind = upToNextMajorVersion;
				minimumVersion = 1.0.0;
			};
		};
/* End XCRemoteSwiftPackageReference section */

/* Begin XCSwiftPackageProductDependency section */
		B318DCED2EC6939A00DB1A9A /* Auth */ = {
			isa = XCSwiftPackageProductDependency;
			package = B318DCEC2EC6939A00DB1A9A /* XCRemoteSwiftPackageReference "supabase-swift" */;
			productName = Auth;
		};
		B31D2C432EFFA4020091F030 /* GoogleMobileAds */ = {
			isa = XCSwiftPackageProductDependency;
			package = B31D2C422EFFA4020091F030 /* XCRemoteSwiftPackageReference "swift-package-manager-google-mobile-ads" */;
			productName = GoogleMobileAds;
		};
		B32F71132ED399B5001779C5 /* RevenueCat */ = {
			isa = XCSwiftPackageProductDependency;
			package = B32F71122ED399B5001779C5 /* XCRemoteSwiftPackageReference "purchases-ios-spm" */;
			productName = RevenueCat;
		};
		B32F71152ED399B5001779C5 /* RevenueCatUI */ = {
			isa = XCSwiftPackageProductDependency;
			package = B32F71122ED399B5001779C5 /* XCRemoteSwiftPackageReference "purchases-ios-spm" */;
			productName = RevenueCatUI;
		};
		B3DF8FA72ED5CEC3007FD5D0 /* FirebaseCore */ = {
			isa = XCSwiftPackageProductDependency;
			package = B3DC12CA2ED5CB0400B5A429 /* XCRemoteSwiftPackageReference "firebase-ios-sdk" */;
			productName = FirebaseCore;
		};
		B3DF8FA92ED5CEC3007FD5D0 /* FirebaseMessaging */ = {
			isa = XCSwiftPackageProductDependency;
			package = B3DC12CA2ED5CB0400B5A429 /* XCRemoteSwiftPackageReference "firebase-ios-sdk" */;
			productName = FirebaseMessaging;
		};
		B3E30E112ECCB7AA008A3B6C /* PostgREST */ = {
			isa = XCSwiftPackageProductDependency;
			package = B318DCEC2EC6939A00DB1A9A /* XCRemoteSwiftPackageReference "supabase-swift" */;
			productName = PostgREST;
		};
		B3E30E132ECCB7AA008A3B6C /* Supabase */ = {
			isa = XCSwiftPackageProductDependency;
			package = B318DCEC2EC6939A00DB1A9A /* XCRemoteSwiftPackageReference "supabase-swift" */;
			productName = Supabase;
		};
		B3F2F7E32F14A10000D1A003 /* YouTubeiOSPlayerHelper */ = {
			isa = XCSwiftPackageProductDependency;
			package = B3F2F7E22F14A10000D1A002 /* XCRemoteSwiftPackageReference "youtube-ios-player-helper" */;
			productName = YouTubeiOSPlayerHelper;
		};
/* End XCSwiftPackageProductDependency section */
	};
	rootObject = B318DC822EC6920500DB1A9A /* Project object */;
}
